
Microsoft Visual Studio Solution File, Format Version 12.00
# Visual Studio Version 17
VisualStudioVersion = 17.6.33829.357
MinimumVisualStudioVersion = 10.0.40219.1
Project("{9A19103F-16F7-4668-BE54-9A1E7A4F7556}") = "BootstrapEmail.Net", "BootstrapEmailNet\BootstrapEmail.Net.csproj", "{49E18E90-9E3C-44F0-912C-FB13D89B2C7C}"
EndProject
Project("{9A19103F-16F7-4668-BE54-9A1E7A4F7556}") = "BootstrapEmail.Net.Tests", "BootstrapEmailNet.Tests\BootstrapEmail.Net.Tests.csproj", "{EB0E4331-367C-4235-8A63-83354D5ECCA7}"
EndProject
Project("{9A19103F-16F7-4668-BE54-9A1E7A4F7556}") = "BootstrapEmail.Net.Cli", "BootstrapEmailNet.Cli\BootstrapEmail.Net.Cli.csproj", "{F503F61E-4163-4102-B5AC-EF2D970F7160}"
EndProject
Global
	GlobalSection(SolutionConfigurationPlatforms) = preSolution
		Debug|Any CPU = Debug|Any CPU
		Release|Any CPU = Release|Any CPU
	EndGlobalSection
	GlobalSection(ProjectConfigurationPlatforms) = postSolution
		{49E18E90-9E3C-44F0-912C-FB13D89B2C7C}.Debug|Any CPU.ActiveCfg = Debug|Any CPU
		{49E18E90-9E3C-44F0-912C-FB13D89B2C7C}.Debug|Any CPU.Build.0 = Debug|Any CPU
		{49E18E90-9E3C-44F0-912C-FB13D89B2C7C}.Release|Any CPU.ActiveCfg = Release|Any CPU
		{49E18E90-9E3C-44F0-912C-FB13D89B2C7C}.Release|Any CPU.Build.0 = Release|Any CPU
		{EB0E4331-367C-4235-8A63-83354D5ECCA7}.Debug|Any CPU.ActiveCfg = Debug|Any CPU
		{EB0E4331-367C-4235-8A63-83354D5ECCA7}.Debug|Any CPU.Build.0 = Debug|Any CPU
		{EB0E4331-367C-4235-8A63-83354D5ECCA7}.Release|Any CPU.ActiveCfg = Release|Any CPU
		{EB0E4331-367C-4235-8A63-83354D5ECCA7}.Release|Any CPU.Build.0 = Release|Any CPU
		{F503F61E-4163-4102-B5AC-EF2D970F7160}.Debug|Any CPU.ActiveCfg = Debug|Any CPU
		{F503F61E-4163-4102-B5AC-EF2D970F7160}.Debug|Any CPU.Build.0 = Debug|Any CPU
		{F503F61E-4163-4102-B5AC-EF2D970F7160}.Release|Any CPU.ActiveCfg = Release|Any CPU
		{F503F61E-4163-4102-B5AC-EF2D970F7160}.Release|Any CPU.Build.0 = Release|Any CPU
	EndGlobalSection
	GlobalSection(SolutionProperties) = preSolution
		HideSolutionNode = FALSE
	EndGlobalSection
	GlobalSection(ExtensibilityGlobals) = postSolution
		SolutionGuid = {3AD6C5F4-60D7-4F8A-9CB2-A6E36602A3EC}
	EndGlobalSection
EndGlobal
